
Microsoft Visual Studio Solution File, Format Version 12.00
# Visual Studio 2017
Project("{FAE04EC0-301F-11D3-BF4B-00C04F79EFBC}") = "Drop", "Drop.csproj", "{9731B832-65FE-D8D9-EF4A-3FCF13F5360C}"
EndProject
Global
	GlobalSection(SolutionConfigurationPlatforms) = preSolution
		Debug|Any CPU = Debug|Any CPU
		Release|Any CPU = Release|Any CPU
	EndGlobalSection
	GlobalSection(ProjectConfigurationPlatforms) = postSolution
		{9731B832-65FE-D8D9-EF4A-3FCF13F5360C}.Debug|Any CPU.ActiveCfg = Debug|Any CPU
		{9731B832-65FE-D8D9-EF4A-3FCF13F5360C}.Debug|Any CPU.Build.0 = Debug|Any CPU
		{9731B832-65FE-D8D9-EF4A-3FCF13F5360C}.Release|Any CPU.ActiveCfg = Release|Any CPU
		{9731B832-65FE-D8D9-EF4A-3FCF13F5360C}.Release|Any CPU.Build.0 = Release|Any CPU
	EndGlobalSection
	GlobalSection(SolutionProperties) = preSolution
		HideSolutionNode = FALSE
	EndGlobalSection
EndGlobal
